
Microsoft Visual Studio Solution File, Format Version 12.00
# Visual Studio Version 17
VisualStudioVersion = 17.7.34202.233
MinimumVisualStudioVersion = 10.0.40219.1
Project("{9A19103F-16F7-4668-BE54-9A1E7A4F7556}") = "UserService", "UserService\UserService.csproj", "{CC2B4CD4-CBAB-4D3A-94F4-D133525E77FC}"
EndProject
Project("{9A19103F-16F7-4668-BE54-9A1E7A4F7556}") = "AuctionService", "AuctionService\AuctionService.csproj", "{4DB30835-40A7-435F-8EC8-583B939451D4}"
EndProject
Project("{9A19103F-16F7-4668-BE54-9A1E7A4F7556}") = "BiddingService", "BidsService\BiddingService.csproj", "{024F7E7F-4A66-4645-955E-3F7E091C6465}"
EndProject
Project("{9A19103F-16F7-4668-BE54-9A1E7A4F7556}") = "PaymentsService", "PaymentsService\PaymentsService.csproj", "{BE80BAD9-6E8C-4015-A52C-95A78457B021}"
EndProject
Project("{9A19103F-16F7-4668-BE54-9A1E7A4F7556}") = "AuctionWebApp", "AuctionWebApp\AuctionWebApp.csproj", "{D7B38C17-9A2B-479B-88F7-0BEBC54AA04F}"
EndProject
Global
	GlobalSection(SolutionConfigurationPlatforms) = preSolution
		Debug|Any CPU = Debug|Any CPU
		Release|Any CPU = Release|Any CPU
	EndGlobalSection
	GlobalSection(ProjectConfigurationPlatforms) = postSolution
		{CC2B4CD4-CBAB-4D3A-94F4-D133525E77FC}.Debug|Any CPU.ActiveCfg = Debug|Any CPU
		{CC2B4CD4-CBAB-4D3A-94F4-D133525E77FC}.Debug|Any CPU.Build.0 = Debug|Any CPU
		{CC2B4CD4-CBAB-4D3A-94F4-D133525E77FC}.Release|Any CPU.ActiveCfg = Release|Any CPU
		{CC2B4CD4-CBAB-4D3A-94F4-D133525E77FC}.Release|Any CPU.Build.0 = Release|Any CPU
		{4DB30835-40A7-435F-8EC8-583B939451D4}.Debug|Any CPU.ActiveCfg = Debug|Any CPU
		{4DB30835-40A7-435F-8EC8-583B939451D4}.Debug|Any CPU.Build.0 = Debug|Any CPU
		{4DB30835-40A7-435F-8EC8-583B939451D4}.Release|Any CPU.ActiveCfg = Release|Any CPU
		{4DB30835-40A7-435F-8EC8-583B939451D4}.Release|Any CPU.Build.0 = Release|Any CPU
		{024F7E7F-4A66-4645-955E-3F7E091C6465}.Debug|Any CPU.ActiveCfg = Debug|Any CPU
		{024F7E7F-4A66-4645-955E-3F7E091C6465}.Debug|Any CPU.Build.0 = Debug|Any CPU
		{024F7E7F-4A66-4645-955E-3F7E091C6465}.Release|Any CPU.ActiveCfg = Release|Any CPU
		{024F7E7F-4A66-4645-955E-3F7E091C6465}.Release|Any CPU.Build.0 = Release|Any CPU
		{BE80BAD9-6E8C-4015-A52C-95A78457B021}.Debug|Any CPU.ActiveCfg = Debug|Any CPU
		{BE80BAD9-6E8C-4015-A52C-95A78457B021}.Debug|Any CPU.Build.0 = Debug|Any CPU
		{BE80BAD9-6E8C-4015-A52C-95A78457B021}.Release|Any CPU.ActiveCfg = Release|Any CPU
		{BE80BAD9-6E8C-4015-A52C-95A78457B021}.Release|Any CPU.Build.0 = Release|Any CPU
		{D7B38C17-9A2B-479B-88F7-0BEBC54AA04F}.Debug|Any CPU.ActiveCfg = Debug|Any CPU
		{D7B38C17-9A2B-479B-88F7-0BEBC54AA04F}.Debug|Any CPU.Build.0 = Debug|Any CPU
		{D7B38C17-9A2B-479B-88F7-0BEBC54AA04F}.Release|Any CPU.ActiveCfg = Release|Any CPU
		{D7B38C17-9A2B-479B-88F7-0BEBC54AA04F}.Release|Any CPU.Build.0 = Release|Any CPU
	EndGlobalSection
	GlobalSection(SolutionProperties) = preSolution
		HideSolutionNode = FALSE
	EndGlobalSection
	GlobalSection(ExtensibilityGlobals) = postSolution
		SolutionGuid = {E8A5B35C-EC64-45A0-90D2-7F3087793FFF}
	EndGlobalSection
EndGlobal
